
Microsoft Visual Studio Solution File, Format Version 12.00
# Visual Studio Version 17
VisualStudioVersion = 17.4.33213.308
MinimumVisualStudioVersion = 10.0.40219.1
Project("{FAE04EC0-301F-11D3-BF4B-00C04F79EFBC}") = "lab5", "lab5\lab5.csproj", "{0ADAE346-F96D-4D15-9E4D-DAC89FFA5390}"
EndProject
Global
	GlobalSection(SolutionConfigurationPlatforms) = preSolution
		Debug|Any CPU = Debug|Any CPU
		Release|Any CPU = Release|Any CPU
	EndGlobalSection
	GlobalSection(ProjectConfigurationPlatforms) = postSolution
		{0ADAE346-F96D-4D15-9E4D-DAC89FFA5390}.Debug|Any CPU.ActiveCfg = Debug|Any CPU
		{0ADAE346-F96D-4D15-9E4D-DAC89FFA5390}.Debug|Any CPU.Build.0 = Debug|Any CPU
		{0ADAE346-F96D-4D15-9E4D-DAC89FFA5390}.Release|Any CPU.ActiveCfg = Release|Any CPU
		{0ADAE346-F96D-4D15-9E4D-DAC89FFA5390}.Release|Any CPU.Build.0 = Release|Any CPU
	EndGlobalSection
	GlobalSection(SolutionProperties) = preSolution
		HideSolutionNode = FALSE
	EndGlobalSection
	GlobalSection(ExtensibilityGlobals) = postSolution
		SolutionGuid = {142118CB-B337-4687-98F6-67F5536A8FE7}
	EndGlobalSection
EndGlobal
