
Microsoft Visual Studio Solution File, Format Version 12.00
# Visual Studio Version 17
VisualStudioVersion = 17.4.33213.308
MinimumVisualStudioVersion = 10.0.40219.1
Project("{FAE04EC0-301F-11D3-BF4B-00C04F79EFBC}") = "7", "7\7.csproj", "{FBADAD7D-3F07-4269-964B-D2C748763601}"
EndProject
Global
	GlobalSection(SolutionConfigurationPlatforms) = preSolution
		Debug|Any CPU = Debug|Any CPU
		Release|Any CPU = Release|Any CPU
	EndGlobalSection
	GlobalSection(ProjectConfigurationPlatforms) = postSolution
		{FBADAD7D-3F07-4269-964B-D2C748763601}.Debug|Any CPU.ActiveCfg = Debug|Any CPU
		{FBADAD7D-3F07-4269-964B-D2C748763601}.Debug|Any CPU.Build.0 = Debug|Any CPU
		{FBADAD7D-3F07-4269-964B-D2C748763601}.Release|Any CPU.ActiveCfg = Release|Any CPU
		{FBADAD7D-3F07-4269-964B-D2C748763601}.Release|Any CPU.Build.0 = Release|Any CPU
	EndGlobalSection
	GlobalSection(SolutionProperties) = preSolution
		HideSolutionNode = FALSE
	EndGlobalSection
	GlobalSection(ExtensibilityGlobals) = postSolution
		SolutionGuid = {8395C768-69BD-44B8-84D5-72F4E82D5D4C}
	EndGlobalSection
EndGlobal
