
Microsoft Visual Studio Solution File, Format Version 12.00
# Visual Studio Version 17
VisualStudioVersion = 17.4.33213.308
MinimumVisualStudioVersion = 10.0.40219.1
Project("{FAE04EC0-301F-11D3-BF4B-00C04F79EFBC}") = "lab12", "lab12\lab12.csproj", "{817ADF22-DD85-403C-97E4-C85B5F10E19F}"
EndProject
Global
	GlobalSection(SolutionConfigurationPlatforms) = preSolution
		Debug|Any CPU = Debug|Any CPU
		Release|Any CPU = Release|Any CPU
	EndGlobalSection
	GlobalSection(ProjectConfigurationPlatforms) = postSolution
		{817ADF22-DD85-403C-97E4-C85B5F10E19F}.Debug|Any CPU.ActiveCfg = Debug|Any CPU
		{817ADF22-DD85-403C-97E4-C85B5F10E19F}.Debug|Any CPU.Build.0 = Debug|Any CPU
		{817ADF22-DD85-403C-97E4-C85B5F10E19F}.Release|Any CPU.ActiveCfg = Release|Any CPU
		{817ADF22-DD85-403C-97E4-C85B5F10E19F}.Release|Any CPU.Build.0 = Release|Any CPU
	EndGlobalSection
	GlobalSection(SolutionProperties) = preSolution
		HideSolutionNode = FALSE
	EndGlobalSection
	GlobalSection(ExtensibilityGlobals) = postSolution
		SolutionGuid = {FB5312E8-92DA-44D8-9BA9-EA1BAD2EA853}
	EndGlobalSection
EndGlobal
